
Microsoft Visual Studio Solution File, Format Version 12.00
Project("{FAE04EC0-301F-11D3-BF4B-00C04F79EFBC}") = "Array", "Array\Array.csproj", "{AD4973ED-C062-4E03-91D0-5E0E11EC2CD8}"
EndProject
Project("{FAE04EC0-301F-11D3-BF4B-00C04F79EFBC}") = "WebSockets", "WebSockets\WebSockets.csproj", "{1A39DF59-D428-4860-8156-15AEB4241001}"
EndProject
Global
	GlobalSection(SolutionConfigurationPlatforms) = preSolution
		Debug|Any CPU = Debug|Any CPU
		Release|Any CPU = Release|Any CPU
	EndGlobalSection
	GlobalSection(ProjectConfigurationPlatforms) = postSolution
		{AD4973ED-C062-4E03-91D0-5E0E11EC2CD8}.Debug|Any CPU.ActiveCfg = Debug|Any CPU
		{AD4973ED-C062-4E03-91D0-5E0E11EC2CD8}.Debug|Any CPU.Build.0 = Debug|Any CPU
		{AD4973ED-C062-4E03-91D0-5E0E11EC2CD8}.Release|Any CPU.ActiveCfg = Release|Any CPU
		{AD4973ED-C062-4E03-91D0-5E0E11EC2CD8}.Release|Any CPU.Build.0 = Release|Any CPU
		{1A39DF59-D428-4860-8156-15AEB4241001}.Debug|Any CPU.ActiveCfg = Debug|Any CPU
		{1A39DF59-D428-4860-8156-15AEB4241001}.Debug|Any CPU.Build.0 = Debug|Any CPU
		{1A39DF59-D428-4860-8156-15AEB4241001}.Release|Any CPU.ActiveCfg = Release|Any CPU
		{1A39DF59-D428-4860-8156-15AEB4241001}.Release|Any CPU.Build.0 = Release|Any CPU
	EndGlobalSection
EndGlobal
